// !$*UTF8*$!
{
	archiveVersion = 1;
	classes = {
	};
	objectVersion = 46;
	objects = {

/* Begin PBXBuildFile section */
		659AD11D1DE6B3CD0035E538 /* AppDelegate.swift in Sources */ = {isa = PBXBuildFile; fileRef = 659AD11C1DE6B3CD0035E538 /* AppDelegate.swift */; };
		659AD11F1DE6B3CD0035E538 /* ViewController.swift in Sources */ = {isa = PBXBuildFile; fileRef = 659AD11E1DE6B3CD0035E538 /* ViewController.swift */; };
		659AD1221DE6B3CD0035E538 /* Main.storyboard in Resources */ = {isa = PBXBuildFile; fileRef = 659AD1201DE6B3CD0035E538 /* Main.storyboard */; };
		659AD1251DE6B3CD0035E538 /* Budget.xcdatamodeld in Sources */ = {isa = PBXBuildFile; fileRef = 659AD1231DE6B3CD0035E538 /* Budget.xcdatamodeld */; };
		659AD1271DE6B3CD0035E538 /* Assets.xcassets in Resources */ = {isa = PBXBuildFile; fileRef = 659AD1261DE6B3CD0035E538 /* Assets.xcassets */; };
		659AD12A1DE6B3CD0035E538 /* LaunchScreen.storyboard in Resources */ = {isa = PBXBuildFile; fileRef = 659AD1281DE6B3CD0035E538 /* LaunchScreen.storyboard */; };
/* End PBXBuildFile section */

/* Begin PBXFileReference section */
		659AD1191DE6B3CD0035E538 /* Budget.app */ = {isa = PBXFileReference; explicitFileType = wrapper.application; includeInIndex = 0; path = Budget.app; sourceTree = BUILT_PRODUCTS_DIR; };
		659AD11C1DE6B3CD0035E538 /* AppDelegate.swift */ = {isa = PBXFileReference; lastKnownFileType = sourcecode.swift; path = AppDelegate.swift; sourceTree = "<group>"; };
		659AD11E1DE6B3CD0035E538 /* ViewController.swift */ = {isa = PBXFileReference; lastKnownFileType = sourcecode.swift; path = ViewController.swift; sourceTree = "<group>"; };
		659AD1211DE6B3CD0035E538 /* Base */ = {isa = PBXFileReference; lastKnownFileType = file.storyboard; name = Base; path = Base.lproj/Main.storyboard; sourceTree = "<group>"; };
		659AD1241DE6B3CD0035E538 /* Budget.xcdatamodel */ = {isa = PBXFileReference; lastKnownFileType = wrapper.xcdatamodel; path = Budget.xcdatamodel; sourceTree = "<group>"; };
		659AD1261DE6B3CD0035E538 /* Assets.xcassets */ = {isa = PBXFileReference; lastKnownFileType = folder.assetcatalog; path = Assets.xcassets; sourceTree = "<group>"; };
		659AD1291DE6B3CD0035E538 /* Base */ = {isa = PBXFileReference; lastKnownFileType = file.storyboard; name = Base; path = Base.lproj/LaunchScreen.storyboard; sourceTree = "<group>"; };
		659AD12B1DE6B3CD0035E538 /* Info.plist */ = {isa = PBXFileReference; lastKnownFileType = text.plist.xml; path = Info.plist; sourceTree = "<group>"; };
/* End PBXFileReference section */

/* Begin PBXFrameworksBuildPhase section */
		659AD1161DE6B3CD0035E538 /* Frameworks */ = {
			isa = PBXFrameworksBuildPhase;
			buildActionMask = 2147483647;
			files = (
			);
			runOnlyForDeploymentPostprocessing = 0;
		};
/* End PBXFrameworksBuildPhase section */

/* Begin PBXGroup section */
		659AD1101DE6B3CC0035E538 = {
			isa = PBXGroup;
			children = (
				659AD11B1DE6B3CD0035E538 /* Budget */,
				659AD11A1DE6B3CD0035E538 /* Products */,
			);
			sourceTree = "<group>";
		};
		659AD11A1DE6B3CD0035E538 /* Products */ = {
			isa = PBXGroup;
			children = (
				659AD1191DE6B3CD0035E538 /* Budget.app */,
			);
			name = Products;
			sourceTree = "<group>";
		};
		659AD11B1DE6B3CD0035E538 /* Budget */ = {
			isa = PBXGroup;
			children = (
				659AD11C1DE6B3CD0035E538 /* AppDelegate.swift */,
				659AD11E1DE6B3CD0035E538 /* ViewController.swift */,
				659AD1201DE6B3CD0035E538 /* Main.storyboard */,
				659AD1261DE6B3CD0035E538 /* Assets.xcassets */,
				659AD1281DE6B3CD0035E538 /* LaunchScreen.storyboard */,
				659AD12B1DE6B3CD0035E538 /* Info.plist */,
				659AD1231DE6B3CD0035E538 /* Budget.xcdatamodeld */,
			);
			path = Budget;
			sourceTree = "<group>";
		};
/* End PBXGroup section */

/* Begin PBXNativeTarget section */
		659AD1181DE6B3CD0035E538 /* Budget */ = {
			isa = PBXNativeTarget;
			buildConfigurationList = 659AD12E1DE6B3CD0035E538 /* Build configuration list for PBXNativeTarget "Budget" */;
			buildPhases = (
				659AD1151DE6B3CD0035E538 /* Sources */,
				659AD1161DE6B3CD0035E538 /* Frameworks */,
				659AD1171DE6B3CD0035E538 /* Resources */,
			);
			buildRules = (
			);
			dependencies = (
			);
			name = Budget;
			productName = Budget;
			productReference = 659AD1191DE6B3CD0035E538 /* Budget.app */;
			productType = "com.apple.product-type.application";
		};
/* End PBXNativeTarget section */

/* Begin PBXProject section */
		659AD1111DE6B3CC0035E538 /* Project object */ = {
			isa = PBXProject;
			attributes = {
				LastSwiftUpdateCheck = 0800;
				LastUpgradeCheck = 0800;
				ORGANIZATIONNAME = "Bandit Hat Apps";
				TargetAttributes = {
					659AD1181DE6B3CD0035E538 = {
						CreatedOnToolsVersion = 8.0;
						ProvisioningStyle = Automatic;
					};
				};
			};
			buildConfigurationList = 659AD1141DE6B3CC0035E538 /* Build configuration list for PBXProject "Budget" */;
			compatibilityVersion = "Xcode 3.2";
			developmentRegion = English;
			hasScannedForEncodings = 0;
			knownRegions = (
				en,
				Base,
			);
			mainGroup = 659AD1101DE6B3CC0035E538;
			productRefGroup = 659AD11A1DE6B3CD0035E538 /* Products */;
			projectDirPath = "";
			projectRoot = "";
			targets = (
				659AD1181DE6B3CD0035E538 /* Budget */,
			);
		};
/* End PBXProject section */

/* Begin PBXResourcesBuildPhase section */
		659AD1171DE6B3CD0035E538 /* Resources */ = {
			isa = PBXResourcesBuildPhase;
			buildActionMask = 2147483647;
			files = (
				659AD12A1DE6B3CD0035E538 /* LaunchScreen.storyboard in Resources */,
				659AD1271DE6B3CD0035E538 /* Assets.xcassets in Resources */,
				659AD1221DE6B3CD0035E538 /* Main.storyboard in Resources */,
			);
			runOnlyForDeploymentPostprocessing = 0;
		};
/* End PBXResourcesBuildPhase section */

/* Begin PBXSourcesBuildPhase section */
		659AD1151DE6B3CD0035E538 /* Sources */ = {
			isa = PBXSourcesBuildPhase;
			buildActionMask = 2147483647;
			files = (
				659AD11F1DE6B3CD0035E538 /* ViewController.swift in Sources */,
				659AD11D1DE6B3CD0035E538 /* AppDelegate.swift in Sources */,
				659AD1251DE6B3CD0035E538 /* Budget.xcdatamodeld in Sources */,
			);
			runOnlyForDeploymentPostprocessing = 0;
		};
/* End PBXSourcesBuildPhase section */

/* Begin PBXVariantGroup section */
		659AD1201DE6B3CD0035E538 /* Main.storyboard */ = {
			isa = PBXVariantGroup;
			children = (
				659AD1211DE6B3CD0035E538 /* Base */,
			);
			name = Main.storyboard;
			sourceTree = "<group>";
		};
		659AD1281DE6B3CD0035E538 /* LaunchScreen.storyboard */ = {
			isa = PBXVariantGroup;
			children = (
				659AD1291DE6B3CD0035E538 /* Base */,
			);
			name = LaunchScreen.storyboard;
			sourceTree = "<group>";
		};
/* End PBXVariantGroup section */

/* Begin XCBuildConfiguration section */
		659AD12C1DE6B3CD0035E538 /* Debug */ = {
			isa = XCBuildConfiguration;
			buildSettings = {
				ALWAYS_SEARCH_USER_PATHS = NO;
				CLANG_ANALYZER_NONNULL = YES;
				CLANG_CXX_LANGUAGE_STANDARD = "gnu++0x";
				CLANG_CXX_LIBRARY = "libc++";
				CLANG_ENABLE_MODULES = YES;
				CLANG_ENABLE_OBJC_ARC = YES;
				CLANG_WARN_BOOL_CONVERSION = YES;
				CLANG_WARN_CONSTANT_CONVERSION = YES;
				CLANG_WARN_DIRECT_OBJC_ISA_USAGE = YES_ERROR;
				CLANG_WARN_DOCUMENTATION_COMMENTS = YES;
				CLANG_WARN_EMPTY_BODY = YES;
				CLANG_WARN_ENUM_CONVERSION = YES;
				CLANG_WARN_INFINITE_RECURSION = YES;
				CLANG_WARN_INT_CONVERSION = YES;
				CLANG_WARN_OBJC_ROOT_CLASS = YES_ERROR;
				CLANG_WARN_SUSPICIOUS_MOVES = YES;
				CLANG_WARN_UNREACHABLE_CODE = YES;
				CLANG_WARN__DUPLICATE_METHOD_MATCH = YES;
				"CODE_SIGN_IDENTITY[sdk=iphoneos*]" = "iPhone Developer";
				COPY_PHASE_STRIP = NO;
				DEBUG_INFORMATION_FORMAT = dwarf;
				ENABLE_STRICT_OBJC_MSGSEND = YES;
				ENABLE_TESTABILITY = YES;
				GCC_C_LANGUAGE_STANDARD = gnu99;
				GCC_DYNAMIC_NO_PIC = NO;
				GCC_NO_COMMON_BLOCKS = YES;
				GCC_OPTIMIZATION_LEVEL = 0;
				GCC_PREPROCESSOR_DEFINITIONS = (
					"DEBUG=1",
					"$(inherited)",
				);
				GCC_WARN_64_TO_32_BIT_CONVERSION = YES;
				GCC_WARN_ABOUT_RETURN_TYPE = YES_ERROR;
				GCC_WARN_UNDECLARED_SELECTOR = YES;
				GCC_WARN_UNINITIALIZED_AUTOS = YES_AGGRESSIVE;
				GCC_WARN_UNUSED_FUNCTION = YES;
				GCC_WARN_UNUSED_VARIABLE = YES;
				IPHONEOS_DEPLOYMENT_TARGET = 10.0;
				MTL_ENABLE_DEBUG_INFO = YES;
				ONLY_ACTIVE_ARCH = YES;
				SDKROOT = iphoneos;
				SWIFT_ACTIVE_COMPILATION_CONDITIONS = DEBUG;
				SWIFT_OPTIMIZATION_LEVEL = "-Onone";
			};
			name = Debug;
		};
		659AD12D1DE6B3CD0035E538 /* Release */ = {
			isa = XCBuildConfiguration;
			buildSettings = {
				ALWAYS_SEARCH_USER_PATHS = NO;
				CLANG_ANALYZER_NONNULL = YES;
				CLANG_CXX_LANGUAGE_STANDARD = "gnu++0x";
				CLANG_CXX_LIBRARY = "libc++";
				CLANG_ENABLE_MODULES = YES;
				CLANG_ENABLE_OBJC_ARC = YES;
				CLANG_WARN_BOOL_CONVERSION = YES;
				CLANG_WARN_CONSTANT_CONVERSION = YES;
				CLANG_WARN_DIRECT_OBJC_ISA_USAGE = YES_ERROR;
				CLANG_WARN_DOCUMENTATION_COMMENTS = YES;
				CLANG_WARN_EMPTY_BODY = YES;
				CLANG_WARN_ENUM_CONVERSION = YES;
				CLANG_WARN_INFINITE_RECURSION = YES;
				CLANG_WARN_INT_CONVERSION = YES;
				CLANG_WARN_OBJC_ROOT_CLASS = YES_ERROR;
				CLANG_WARN_SUSPICIOUS_MOVES = YES;
				CLANG_WARN_UNREACHABLE_CODE = YES;
				CLANG_WARN__DUPLICATE_METHOD_MATCH = YES;
				"CODE_SIGN_IDENTITY[sdk=iphoneos*]" = "iPhone Developer";
				COPY_PHASE_STRIP = NO;
				DEBUG_INFORMATION_FORMAT = "dwarf-with-dsym";
				ENABLE_NS_ASSERTIONS = NO;
				ENABLE_STRICT_OBJC_MSGSEND = YES;
				GCC_C_LANGUAGE_STANDARD = gnu99;
				GCC_NO_COMMON_BLOCKS = YES;
				GCC_WARN_64_TO_32_BIT_CONVERSION = YES;
				GCC_WARN_ABOUT_RETURN_TYPE = YES_ERROR;
				GCC_WARN_UNDECLARED_SELECTOR = YES;
				GCC_WARN_UNINITIALIZED_AUTOS = YES_AGGRESSIVE;
				GCC_WARN_UNUSED_FUNCTION = YES;
				GCC_WARN_UNUSED_VARIABLE = YES;
				IPHONEOS_DEPLOYMENT_TARGET = 10.0;
				MTL_ENABLE_DEBUG_INFO = NO;
				SDKROOT = iphoneos;
				SWIFT_OPTIMIZATION_LEVEL = "-Owholemodule";
				VALIDATE_PRODUCT = YES;
			};
			name = Release;
		};
		659AD12F1DE6B3CD0035E538 /* Debug */ = {
			isa = XCBuildConfiguration;
			buildSettings = {
				ASSETCATALOG_COMPILER_APPICON_NAME = AppIcon;
				INFOPLIST_FILE = Budget/Info.plist;
				LD_RUNPATH_SEARCH_PATHS = "$(inherited) @executable_path/Frameworks";
				PRODUCT_BUNDLE_IDENTIFIER = com.bandithatapps.Budget;
				PRODUCT_NAME = "$(TARGET_NAME)";
				SWIFT_VERSION = 3.0;
			};
			name = Debug;
		};
		659AD1301DE6B3CD0035E538 /* Release */ = {
			isa = XCBuildConfiguration;
			buildSettings = {
				ASSETCATALOG_COMPILER_APPICON_NAME = AppIcon;
				INFOPLIST_FILE = Budget/Info.plist;
				LD_RUNPATH_SEARCH_PATHS = "$(inherited) @executable_path/Frameworks";
				PRODUCT_BUNDLE_IDENTIFIER = com.bandithatapps.Budget;
				PRODUCT_NAME = "$(TARGET_NAME)";
				SWIFT_VERSION = 3.0;
			};
			name = Release;
		};
/* End XCBuildConfiguration section */

/* Begin XCConfigurationList section */
		659AD1141DE6B3CC0035E538 /* Build configuration list for PBXProject "Budget" */ = {
			isa = XCConfigurationList;
			buildConfigurations = (
				659AD12C1DE6B3CD0035E538 /* Debug */,
				659AD12D1DE6B3CD0035E538 /* Release */,
			);
			defaultConfigurationIsVisible = 0;
			defaultConfigurationName = Release;
		};
		659AD12E1DE6B3CD0035E538 /* Build configuration list for PBXNativeTarget "Budget" */ = {
			isa = XCConfigurationList;
			buildConfigurations = (
				659AD12F1DE6B3CD0035E538 /* Debug */,
				659AD1301DE6B3CD0035E538 /* Release */,
			);
			defaultConfigurationIsVisible = 0;
		};
/* End XCConfigurationList section */

/* Begin XCVersionGroup section */
		659AD1231DE6B3CD0035E538 /* Budget.xcdatamodeld */ = {
			isa = XCVersionGroup;
			children = (
				659AD1241DE6B3CD0035E538 /* Budget.xcdatamodel */,
			);
			currentVersion = 659AD1241DE6B3CD0035E538 /* Budget.xcdatamodel */;
			path = Budget.xcdatamodeld;
			sourceTree = "<group>";
			versionGroupType = wrapper.xcdatamodel;
		};
/* End XCVersionGroup section */
	};
	rootObject = 659AD1111DE6B3CC0035E538 /* Project object */;
}
